
Microsoft Visual Studio Solution File, Format Version 12.00
# Visual Studio 15
VisualStudioVersion = 15.0.27130.2024
MinimumVisualStudioVersion = 10.0.40219.1
Project("{2150E333-8FDC-42A3-9474-1A3956D46DE8}") = "1 kintamieji", "1 kintamieji", "{94498398-692D-463E-B539-8AA8A3DC9116}"
EndProject
Project("{2150E333-8FDC-42A3-9474-1A3956D46DE8}") = "2 isvedimai", "2 isvedimai", "{8D13210E-6B69-42A6-B4C5-B88CD933EC47}"
	ProjectSection(SolutionItems) = preProject
		Uzduotis 02_1\Program.cs = Uzduotis 02_1\Program.cs
	EndProjectSection
EndProject
Project("{2150E333-8FDC-42A3-9474-1A3956D46DE8}") = "3 aritmetiniai veiksmai", "3 aritmetiniai veiksmai", "{1F8BC61E-82E5-49B0-B57B-F2552C1ED56B}"
EndProject
Project("{FAE04EC0-301F-11D3-BF4B-00C04F79EFBC}") = "01_1 Uzduotis", "..\source\repos\Solution2\ConsoleApp1\01_1 Uzduotis.csproj", "{157AABE1-E7A3-4338-A32B-4CAC07F3C2E5}"
EndProject
Project("{FAE04EC0-301F-11D3-BF4B-00C04F79EFBC}") = "Uzduotis 02_1", "..\source\repos\Solution2\Uzduotis 02_1\Uzduotis 02_1.csproj", "{0A2A4ADC-EC81-4062-B6A3-0086C0DF7C55}"
EndProject
Project("{FAE04EC0-301F-11D3-BF4B-00C04F79EFBC}") = "Uzduotis 02_2", "..\source\repos\Solution2\Uzduotis 02_2\Uzduotis 02_2.csproj", "{9835A6F4-6C87-4EC9-A187-395633DA53EC}"
EndProject
Project("{FAE04EC0-301F-11D3-BF4B-00C04F79EFBC}") = "Uzduotis 02_3", "..\source\repos\Solution2\Uzduotis 02_3\Uzduotis 02_3.csproj", "{CD4A0EBB-1BF5-4B79-8ED0-21079F0D93B0}"
EndProject
Project("{FAE04EC0-301F-11D3-BF4B-00C04F79EFBC}") = "Uzduotis 02_4", "..\source\repos\Solution2\Uzduotis 02_4\Uzduotis 02_4.csproj", "{4532F388-6FDD-4AC5-B1D9-458BE1EFC5B2}"
EndProject
Project("{FAE04EC0-301F-11D3-BF4B-00C04F79EFBC}") = "Uzduotis 02_5", "..\source\repos\Solution2\Uzduotis 02_5\Uzduotis 02_5.csproj", "{40A58D29-4C8B-4547-AD7E-89EBD41F1085}"
EndProject
Project("{FAE04EC0-301F-11D3-BF4B-00C04F79EFBC}") = "Uzduotis 02_6", "..\source\repos\Solution2\Uzduotis 02_6\Uzduotis 02_6.csproj", "{044A382C-E2CD-4060-8EE5-40A961AB8910}"
EndProject
Project("{FAE04EC0-301F-11D3-BF4B-00C04F79EFBC}") = "uzduotis_03_2", "..\source\repos\Solution2\uzduotis_03_2\uzduotis_03_2.csproj", "{5DCEF28D-0FE3-4721-8E6B-449BE1151DAC}"
EndProject
Project("{FAE04EC0-301F-11D3-BF4B-00C04F79EFBC}") = "Uzduotis_02_3", "..\source\repos\Solution2\Uzduotis_02_3\Uzduotis_02_3.csproj", "{F26A3E88-C153-49FD-B7B3-48279FFD468B}"
EndProject
Project("{FAE04EC0-301F-11D3-BF4B-00C04F79EFBC}") = "Uzduotis_3_4", "..\source\repos\Solution2\Uzduotis_3_4\Uzduotis_3_4.csproj", "{8D974E7A-9105-45E0-AB3D-4058DDBC8988}"
EndProject
Project("{FAE04EC0-301F-11D3-BF4B-00C04F79EFBC}") = "Uzduotis03_5", "..\source\repos\Solution2\Uzduotis03_5\Uzduotis03_5.csproj", "{0F230872-5779-4B07-87E5-5DB3E3AD9543}"
EndProject
Project("{FAE04EC0-301F-11D3-BF4B-00C04F79EFBC}") = "Uzduotis3_6", "..\source\repos\Solution2\Uzduotis3_6\Uzduotis3_6.csproj", "{5257D123-8327-4058-A356-5A2368BE3E8E}"
EndProject
Project("{2150E333-8FDC-42A3-9474-1A3956D46DE8}") = "4 Ivedimai", "4 Ivedimai", "{1CC3E218-87B8-4D4F-B76F-AEB559A42DD8}"
EndProject
Project("{FAE04EC0-301F-11D3-BF4B-00C04F79EFBC}") = "uzduotis_4_1", "..\source\repos\Solution2\uzduotis_4_1\uzduotis_4_1.csproj", "{BB86DD57-9ABE-40B7-88A0-B93F619C49E2}"
EndProject
Project("{FAE04EC0-301F-11D3-BF4B-00C04F79EFBC}") = "Uzduotis_4_2", "..\source\repos\Solution2\Uzduotis 4_2\Uzduotis_4_2.csproj", "{1F3F3D65-1F54-473A-8556-60D8E02BD9AF}"
EndProject
Project("{FAE04EC0-301F-11D3-BF4B-00C04F79EFBC}") = "Uzduotis_4_3", "..\source\repos\Solution2\Uzduotis_4_3\Uzduotis_4_3.csproj", "{E867868D-CE41-4C97-AC94-E3386A06D589}"
EndProject
Project("{FAE04EC0-301F-11D3-BF4B-00C04F79EFBC}") = "Uzduotis_4_4", "Uzduotis_4_4\Uzduotis_4_4.csproj", "{3820F7AF-B563-4E8A-BAC5-D1DF3FD5BB5B}"
EndProject
Project("{FAE04EC0-301F-11D3-BF4B-00C04F79EFBC}") = "Uzduotis_4_5", "Uzduotis_4_5\Uzduotis_4_5.csproj", "{65534B3D-1386-43A8-85DA-FE724CA63525}"
EndProject
Project("{FAE04EC0-301F-11D3-BF4B-00C04F79EFBC}") = "Uzduotis_4_6", "Uzduotis_4_6\Uzduotis_4_6.csproj", "{D7CBCD7A-4E84-4A5A-99FE-7C5BC3E9512E}"
EndProject
Project("{FAE04EC0-301F-11D3-BF4B-00C04F79EFBC}") = "Uzduotis_4_7", "Uzduotis_4_7\Uzduotis_4_7.csproj", "{992CFF93-2AB1-44BB-9F37-3923607C4A99}"
EndProject
Project("{2150E333-8FDC-42A3-9474-1A3956D46DE8}") = "5 If sąlyga", "5 If sąlyga", "{2D6E22ED-D7B8-4BC5-B0BB-6B67FC3F1189}"
EndProject
Project("{FAE04EC0-301F-11D3-BF4B-00C04F79EFBC}") = "Uzduotis_5_1", "Uzduotis_5_1\Uzduotis_5_1.csproj", "{E1FEA7A3-719E-4E9C-80FD-BC0E59B31C21}"
EndProject
Project("{FAE04EC0-301F-11D3-BF4B-00C04F79EFBC}") = "Uzduotis_5_2", "Uzduotis_5_2\Uzduotis_5_2.csproj", "{E13EB757-4394-4D87-9C63-B8CF97B579B7}"
EndProject
Project("{FAE04EC0-301F-11D3-BF4B-00C04F79EFBC}") = "Uzduotis_5_3", "Uzduotis_5_3\Uzduotis_5_3.csproj", "{0B5DBFF1-2157-432C-8405-0EA34D3EF2DD}"
EndProject
Project("{FAE04EC0-301F-11D3-BF4B-00C04F79EFBC}") = "Uzduotis_5_4", "Uzduotis_5_4\Uzduotis_5_4.csproj", "{7AE26736-405C-4445-B5C5-F6E94AA2749A}"
EndProject
Project("{2150E333-8FDC-42A3-9474-1A3956D46DE8}") = "6 else if", "6 else if", "{3EEC5DB7-005D-4CE6-9226-AE8218DE76FB}"
EndProject
Project("{FAE04EC0-301F-11D3-BF4B-00C04F79EFBC}") = "Uzduotis_6_1", "Uzduotis_6_1\Uzduotis_6_1.csproj", "{98367424-0A00-408D-A588-A8236AF07DD2}"
EndProject
Project("{FAE04EC0-301F-11D3-BF4B-00C04F79EFBC}") = "Uzduotis_6_2", "Uzduotis_6_2\Uzduotis_6_2.csproj", "{D683C7E0-C4EA-44D5-8E46-06D918761527}"
EndProject
Project("{2150E333-8FDC-42A3-9474-1A3956D46DE8}") = "7 else", "7 else", "{523839B9-E77C-40AB-901B-A520BC06DBD1}"
EndProject
Project("{FAE04EC0-301F-11D3-BF4B-00C04F79EFBC}") = "Uzduotis_7_1", "Uzduotis_7_1\Uzduotis_7_1.csproj", "{EA3E1F1A-8DFF-4C74-B9B0-DFAF4A0CAC7F}"
EndProject
Project("{FAE04EC0-301F-11D3-BF4B-00C04F79EFBC}") = "Uzduotis_7_2", "Uzduotis_7_2\Uzduotis_7_2.csproj", "{F69653AB-7433-489D-9DED-FBDDE963035C}"
EndProject
Project("{2150E333-8FDC-42A3-9474-1A3956D46DE8}") = "8 Operatoriai", "8 Operatoriai", "{6A844865-9815-4E34-90DE-39D1CE3F98D9}"
EndProject
Project("{FAE04EC0-301F-11D3-BF4B-00C04F79EFBC}") = "Uzduotis_8_1", "Uzduotis_8_1\Uzduotis_8_1.csproj", "{88795664-7712-450C-A983-8927663F1D6C}"
EndProject
Project("{FAE04EC0-301F-11D3-BF4B-00C04F79EFBC}") = "Uzduotis_8_2", "Uzduotis_8_\Uzduotis_8_2.csproj", "{57DF9754-35C3-48E6-B782-5718424A545B}"
EndProject
Project("{2150E333-8FDC-42A3-9474-1A3956D46DE8}") = "9 switch", "9 switch", "{1FD7FCA2-AFBC-4B59-83AC-E739F2BA35AF}"
EndProject
Project("{FAE04EC0-301F-11D3-BF4B-00C04F79EFBC}") = "Uzduotis_9_1", "Uzduotis_9_1\Uzduotis_9_1.csproj", "{D470C61B-C457-4015-9972-C15FB5DAE629}"
EndProject
Project("{2150E333-8FDC-42A3-9474-1A3956D46DE8}") = "10 sdsd", "10 sdsd", "{EC120B70-9DE3-460C-AA78-BC814C3469F4}"
EndProject
Project("{FAE04EC0-301F-11D3-BF4B-00C04F79EFBC}") = "Uzduotis_10", "Uzduotis_10\Uzduotis_10.csproj", "{B56847F1-1A62-4167-B092-5970BC2C19E0}"
EndProject
Project("{2150E333-8FDC-42A3-9474-1A3956D46DE8}") = "Namų Darbai", "Namų Darbai", "{3489F977-D167-462A-AE70-8550C0E6B8D6}"
EndProject
Project("{FAE04EC0-301F-11D3-BF4B-00C04F79EFBC}") = "Gimtadienis", "Gimtadienis\Gimtadienis.csproj", "{B60FAB3A-6F53-41C0-939B-A94C7478D6B0}"
EndProject
Project("{FAE04EC0-301F-11D3-BF4B-00C04F79EFBC}") = "Kelionė į mokyklą", "Kelionė į mokyklą\Kelionė į mokyklą.csproj", "{FE553EA9-8EE9-4079-8E8D-CC8EC752FE73}"
EndProject
Project("{FAE04EC0-301F-11D3-BF4B-00C04F79EFBC}") = "Kelionė po Lietuvą", "Kelionė po Lietuvą\Kelionė po Lietuvą.csproj", "{D6D5B2A9-A0C8-4048-A5CC-55B2B6DC0EB4}"
EndProject
Project("{FAE04EC0-301F-11D3-BF4B-00C04F79EFBC}") = "Slidinėjimas", "Slidinėjimas\Slidinėjimas.csproj", "{5025754E-C2C5-449F-974F-7A7BD467E30A}"
EndProject
Project("{FAE04EC0-301F-11D3-BF4B-00C04F79EFBC}") = "Pietus", "Pietus\Pietus.csproj", "{E72EEF05-63C6-447A-8E11-2D834EA84767}"
EndProject
Project("{2150E333-8FDC-42A3-9474-1A3956D46DE8}") = "11 Ciklas for", "11 Ciklas for", "{21445C49-F741-41DD-B553-F1DBA643A19B}"
EndProject
Project("{FAE04EC0-301F-11D3-BF4B-00C04F79EFBC}") = "Ciklo for examples", "Ciklo for examples\Ciklo for examples.csproj", "{E1C53FCE-AD8A-4B1E-8AEC-AA186EDB6D29}"
EndProject
Project("{FAE04EC0-301F-11D3-BF4B-00C04F79EFBC}") = "11_1uzduotis", "11_1uzduotis\11_1uzduotis.csproj", "{E78EB0BC-29F9-42FE-BEDC-1760934A5B02}"
EndProject
Project("{FAE04EC0-301F-11D3-BF4B-00C04F79EFBC}") = "11_2_Uzduotis", "11_2_Uzduotis\11_2_Uzduotis.csproj", "{FFFCB37F-07D4-4B08-907F-F947BA8DADC8}"
EndProject
Project("{FAE04EC0-301F-11D3-BF4B-00C04F79EFBC}") = "11_3 Uzduotis", "11_3 Uzduotis\11_3 Uzduotis.csproj", "{A0AADF2F-A8E1-453C-BCA1-9304EB86DA1F}"
EndProject
Project("{FAE04EC0-301F-11D3-BF4B-00C04F79EFBC}") = "11_4 Uzduotis", "11_4 Uzduotis\11_4 Uzduotis.csproj", "{5449C057-DA85-4F11-BD2D-1FBE55606FBC}"
EndProject
Project("{FAE04EC0-301F-11D3-BF4B-00C04F79EFBC}") = "11_5Uzduotis", "11_5Uzduotis\11_5Uzduotis.csproj", "{3AC3D7E5-9ECD-43FF-9F0A-9984135D691C}"
EndProject
Project("{FAE04EC0-301F-11D3-BF4B-00C04F79EFBC}") = "11_6Uzduotis", "11_6Uzduotis\11_6Uzduotis.csproj", "{B8B2CE5F-136D-47CE-9B64-1FED6A1522CA}"
EndProject
Project("{FAE04EC0-301F-11D3-BF4B-00C04F79EFBC}") = "11_7Uzduotis", "11_7Uzduotis\11_7Uzduotis.csproj", "{AC94383D-B2E4-4650-82EC-7000F9E474F8}"
EndProject
Project("{FAE04EC0-301F-11D3-BF4B-00C04F79EFBC}") = "11_8Uzduotis", "11_8Uzduotis\11_8Uzduotis.csproj", "{7DC94693-A203-480E-B948-DE95A7189C18}"
EndProject
Project("{FAE04EC0-301F-11D3-BF4B-00C04F79EFBC}") = "11_9Uzduotis", "11_9Uzduotis\11_9Uzduotis.csproj", "{1D05B6D5-6A93-4ECF-AC93-5FD04F77AE18}"
EndProject
Project("{FAE04EC0-301F-11D3-BF4B-00C04F79EFBC}") = "11_10 Uzduotis", "11_10 Uzduotis\11_10 Uzduotis.csproj", "{679DA093-1306-492B-BE8D-BA11EE1DAFCE}"
EndProject
Project("{FAE04EC0-301F-11D3-BF4B-00C04F79EFBC}") = "11_11Uzduotis", "veliau sutvarkysiu folderius tik pabandyk paklaust dovydiukai tada netvarkysiu   ;)\11_11Uzduotis\11_11Uzduotis.csproj", "{FCD55E98-8DB6-4621-93A9-C466287E01CA}"
EndProject
Project("{FAE04EC0-301F-11D3-BF4B-00C04F79EFBC}") = "11_12Uzduotis", "11_12Uzduotis\11_12Uzduotis.csproj", "{FA9D7147-E92F-4DED-A2E3-2201D63FBB57}"
EndProject
Project("{2150E333-8FDC-42A3-9474-1A3956D46DE8}") = "12 Ciklas While", "12 Ciklas While", "{7F7E9CDF-CD7C-4D4A-9C88-3A15645B1060}"
EndProject
Project("{FAE04EC0-301F-11D3-BF4B-00C04F79EFBC}") = "12_1Uzduotis", "12_1Uzduotis\12_1Uzduotis.csproj", "{7936C843-0AB6-4E86-9799-9289972BA9E8}"
EndProject
Project("{FAE04EC0-301F-11D3-BF4B-00C04F79EFBC}") = "12_2Uzduotis", "12_2Uzduotis\12_2Uzduotis.csproj", "{55596D70-30EF-47EA-A156-968CFF3F0FEE}"
EndProject
Project("{FAE04EC0-301F-11D3-BF4B-00C04F79EFBC}") = "12_4Uzduotis", "12_4Uzduotis\12_4Uzduotis.csproj", "{0AEBC3F7-643F-4CD5-870B-DA3EEE597D66}"
EndProject
Project("{FAE04EC0-301F-11D3-BF4B-00C04F79EFBC}") = "12_5Uzduotis", "12_5Uzduotis\12_5Uzduotis.csproj", "{44BDE510-6A94-4176-8CE7-BB9AD174F59A}"
EndProject
Project("{FAE04EC0-301F-11D3-BF4B-00C04F79EFBC}") = "Eandom klasė", "Eandom klasė\Eandom klasė.csproj", "{08B8E3A1-70CF-43EC-AFEA-AEE7B5648359}"
EndProject
Project("{FAE04EC0-301F-11D3-BF4B-00C04F79EFBC}") = "12_3_Uzduotis", "12_3_Uzduotis\12_3_Uzduotis.csproj", "{EEAFD109-3BA1-4FE8-BC7C-138761F5D347}"
EndProject
Project("{FAE04EC0-301F-11D3-BF4B-00C04F79EFBC}") = "12_6_Uzduotis", "12_6_Uzduotis\12_6_Uzduotis.csproj", "{522D7EEF-56A7-4FFB-96AF-E34DA2C44AA7}"
EndProject
Project("{2150E333-8FDC-42A3-9474-1A3956D46DE8}") = "13 Do while", "13 Do while", "{3E7597DD-C75F-422E-BB22-08D7FF297474}"
EndProject
Project("{FAE04EC0-301F-11D3-BF4B-00C04F79EFBC}") = "13_1 Uzduotis", "13_1 Uzduotis\13_1 Uzduotis.csproj", "{74DC52D5-D0F7-4387-B4FC-3E6C87B222C8}"
EndProject
Project("{FAE04EC0-301F-11D3-BF4B-00C04F79EFBC}") = "13_2Uzduotis", "13_2Uzduotis\13_2Uzduotis.csproj", "{1A121FE1-CF44-45D2-9340-9FFC0865CBE1}"
EndProject
Project("{2150E333-8FDC-42A3-9474-1A3956D46DE8}") = "13 Pavyzdziai", "13 Pavyzdziai", "{9FFF3D1D-B3CE-41F0-B3D3-D8EB474F9DF0}"
EndProject
Project("{FAE04EC0-301F-11D3-BF4B-00C04F79EFBC}") = "13_0", "13_0\13_0.csproj", "{B9762E36-07C6-41E8-ADDA-FF69FE471F34}"
EndProject
Project("{FAE04EC0-301F-11D3-BF4B-00C04F79EFBC}") = "Masyvas", "Masyvas\Masyvas.csproj", "{E1DE0087-D2F4-4C34-B221-48C1DE0B67CA}"
EndProject
Project("{FAE04EC0-301F-11D3-BF4B-00C04F79EFBC}") = "Kartojimas", "Kartojimas\Kartojimas.csproj", "{32D34047-FCFA-4BFC-80BB-BB100E709781}"
EndProject
Project("{2150E333-8FDC-42A3-9474-1A3956D46DE8}") = "Pakartojimas", "Pakartojimas", "{90F0A0F2-0CA5-41D6-9BDF-695024E20DE7}"
EndProject
Project("{FAE04EC0-301F-11D3-BF4B-00C04F79EFBC}") = "Kartojimas_2", "Kartojimas_2\Kartojimas_2.csproj", "{1F03CF50-ED7E-4062-99B4-9D8C7832A601}"
EndProject
Project("{FAE04EC0-301F-11D3-BF4B-00C04F79EFBC}") = "Programa", "Programa\Programa.csproj", "{8E0FB994-088C-458F-B63A-B23C391C9F01}"
EndProject
Project("{2150E333-8FDC-42A3-9474-1A3956D46DE8}") = "14_Sąrašai", "14_Sąrašai", "{FB3AB22D-1A7C-4B64-BE5D-87E04C0D962B}"
EndProject
Project("{FAE04EC0-301F-11D3-BF4B-00C04F79EFBC}") = "14_0_Pavyzdžiai", "14_0_Pavyzdžiai\14_0_Pavyzdžiai.csproj", "{7B3031F0-0E47-4D72-9F0B-B0BBDFCAA648}"
EndProject
Project("{FAE04EC0-301F-11D3-BF4B-00C04F79EFBC}") = "14_1_Uzduotis", "14_1_Uzduotis\14_1_Uzduotis.csproj", "{3D6C4F71-2AAA-4C7F-AFC2-A2A367292755}"
EndProject
Project("{FAE04EC0-301F-11D3-BF4B-00C04F79EFBC}") = "14_0_1_0_0pavyzdys", "14_0_1_0_0pavyzdys\14_0_1_0_0pavyzdys.csproj", "{D8F57FF7-6544-493E-87E9-B5692A47E902}"
EndProject
Project("{FAE04EC0-301F-11D3-BF4B-00C04F79EFBC}") = "15_Metodai", "15_Metodai\15_Metodai.csproj", "{A51815BF-94DE-44A5-9E6C-FE5B990F956E}"
EndProject
Project("{2150E333-8FDC-42A3-9474-1A3956D46DE8}") = "15 Metodai", "15 Metodai", "{D220FA65-3293-4D45-903C-B410F305F65B}"
EndProject
Project("{FAE04EC0-301F-11D3-BF4B-00C04F79EFBC}") = "15_1 uzduotis", "15_1 uzduotis\15_1 uzduotis.csproj", "{97BF8331-DD13-4889-8416-B0A75A8F5734}"
EndProject
Project("{FAE04EC0-301F-11D3-BF4B-00C04F79EFBC}") = "Darbas_Su_Metodais", "Darbas_Su_Metodais\Darbas_Su_Metodais.csproj", "{8B32C06F-4472-4037-9E2F-4325AC9A343F}"
EndProject
Project("{FAE04EC0-301F-11D3-BF4B-00C04F79EFBC}") = "15_00001", "15_00001\15_00001.csproj", "{D067FAB0-86CE-494D-B2C0-219F93F87ECD}"
EndProject
Project("{FAE04EC0-301F-11D3-BF4B-00C04F79EFBC}") = "15_2_Uzduotis", "15_2_Uzduotis\15_2_Uzduotis.csproj", "{C6ED11C5-211C-4970-951B-1534AF5681B6}"
EndProject
Project("{2150E333-8FDC-42A3-9474-1A3956D46DE8}") = "16 Klases", "16 Klases", "{ADFD3ACB-7D49-4BED-991E-7B03167E396F}"
EndProject
Project("{FAE04EC0-301F-11D3-BF4B-00C04F79EFBC}") = "16_0_1_Uzduotis", "16_0_1_Uzduotis\16_0_1_Uzduotis.csproj", "{5B80C337-6548-4057-B4F5-C514F98168ED}"
EndProject
Project("{FAE04EC0-301F-11D3-BF4B-00C04F79EFBC}") = "16_1_Studentai", "16_1_Studentai\16_1_Studentai.csproj", "{D6377C19-A972-47D6-87AA-FA632BBB7E55}"
EndProject
Project("{FAE04EC0-301F-11D3-BF4B-00C04F79EFBC}") = "Dangus", "Dangus\Dangus.csproj", "{F0ADABE0-FBBF-4477-9B00-F8933F36C660}"
EndProject
Global
	GlobalSection(SolutionConfigurationPlatforms) = preSolution
		Debug|Any CPU = Debug|Any CPU
		Release|Any CPU = Release|Any CPU
	EndGlobalSection
	GlobalSection(ProjectConfigurationPlatforms) = postSolution
		{157AABE1-E7A3-4338-A32B-4CAC07F3C2E5}.Debug|Any CPU.ActiveCfg = Debug|Any CPU
		{157AABE1-E7A3-4338-A32B-4CAC07F3C2E5}.Debug|Any CPU.Build.0 = Debug|Any CPU
		{157AABE1-E7A3-4338-A32B-4CAC07F3C2E5}.Release|Any CPU.ActiveCfg = Release|Any CPU
		{157AABE1-E7A3-4338-A32B-4CAC07F3C2E5}.Release|Any CPU.Build.0 = Release|Any CPU
		{0A2A4ADC-EC81-4062-B6A3-0086C0DF7C55}.Debug|Any CPU.ActiveCfg = Debug|Any CPU
		{0A2A4ADC-EC81-4062-B6A3-0086C0DF7C55}.Debug|Any CPU.Build.0 = Debug|Any CPU
		{0A2A4ADC-EC81-4062-B6A3-0086C0DF7C55}.Release|Any CPU.ActiveCfg = Release|Any CPU
		{0A2A4ADC-EC81-4062-B6A3-0086C0DF7C55}.Release|Any CPU.Build.0 = Release|Any CPU
		{9835A6F4-6C87-4EC9-A187-395633DA53EC}.Debug|Any CPU.ActiveCfg = Debug|Any CPU
		{9835A6F4-6C87-4EC9-A187-395633DA53EC}.Debug|Any CPU.Build.0 = Debug|Any CPU
		{9835A6F4-6C87-4EC9-A187-395633DA53EC}.Release|Any CPU.ActiveCfg = Release|Any CPU
		{9835A6F4-6C87-4EC9-A187-395633DA53EC}.Release|Any CPU.Build.0 = Release|Any CPU
		{CD4A0EBB-1BF5-4B79-8ED0-21079F0D93B0}.Debug|Any CPU.ActiveCfg = Debug|Any CPU
		{CD4A0EBB-1BF5-4B79-8ED0-21079F0D93B0}.Debug|Any CPU.Build.0 = Debug|Any CPU
		{CD4A0EBB-1BF5-4B79-8ED0-21079F0D93B0}.Release|Any CPU.ActiveCfg = Release|Any CPU
		{CD4A0EBB-1BF5-4B79-8ED0-21079F0D93B0}.Release|Any CPU.Build.0 = Release|Any CPU
		{4532F388-6FDD-4AC5-B1D9-458BE1EFC5B2}.Debug|Any CPU.ActiveCfg = Debug|Any CPU
		{4532F388-6FDD-4AC5-B1D9-458BE1EFC5B2}.Debug|Any CPU.Build.0 = Debug|Any CPU
		{4532F388-6FDD-4AC5-B1D9-458BE1EFC5B2}.Release|Any CPU.ActiveCfg = Release|Any CPU
		{4532F388-6FDD-4AC5-B1D9-458BE1EFC5B2}.Release|Any CPU.Build.0 = Release|Any CPU
		{40A58D29-4C8B-4547-AD7E-89EBD41F1085}.Debug|Any CPU.ActiveCfg = Debug|Any CPU
		{40A58D29-4C8B-4547-AD7E-89EBD41F1085}.Debug|Any CPU.Build.0 = Debug|Any CPU
		{40A58D29-4C8B-4547-AD7E-89EBD41F1085}.Release|Any CPU.ActiveCfg = Release|Any CPU
		{40A58D29-4C8B-4547-AD7E-89EBD41F1085}.Release|Any CPU.Build.0 = Release|Any CPU
		{044A382C-E2CD-4060-8EE5-40A961AB8910}.Debug|Any CPU.ActiveCfg = Debug|Any CPU
		{044A382C-E2CD-4060-8EE5-40A961AB8910}.Debug|Any CPU.Build.0 = Debug|Any CPU
		{044A382C-E2CD-4060-8EE5-40A961AB8910}.Release|Any CPU.ActiveCfg = Release|Any CPU
		{044A382C-E2CD-4060-8EE5-40A961AB8910}.Release|Any CPU.Build.0 = Release|Any CPU
		{5DCEF28D-0FE3-4721-8E6B-449BE1151DAC}.Debug|Any CPU.ActiveCfg = Debug|Any CPU
		{5DCEF28D-0FE3-4721-8E6B-449BE1151DAC}.Debug|Any CPU.Build.0 = Debug|Any CPU
		{5DCEF28D-0FE3-4721-8E6B-449BE1151DAC}.Release|Any CPU.ActiveCfg = Release|Any CPU
		{5DCEF28D-0FE3-4721-8E6B-449BE1151DAC}.Release|Any CPU.Build.0 = Release|Any CPU
		{F26A3E88-C153-49FD-B7B3-48279FFD468B}.Debug|Any CPU.ActiveCfg = Debug|Any CPU
		{F26A3E88-C153-49FD-B7B3-48279FFD468B}.Debug|Any CPU.Build.0 = Debug|Any CPU
		{F26A3E88-C153-49FD-B7B3-48279FFD468B}.Release|Any CPU.ActiveCfg = Release|Any CPU
		{F26A3E88-C153-49FD-B7B3-48279FFD468B}.Release|Any CPU.Build.0 = Release|Any CPU
		{8D974E7A-9105-45E0-AB3D-4058DDBC8988}.Debug|Any CPU.ActiveCfg = Debug|Any CPU
		{8D974E7A-9105-45E0-AB3D-4058DDBC8988}.Debug|Any CPU.Build.0 = Debug|Any CPU
		{8D974E7A-9105-45E0-AB3D-4058DDBC8988}.Release|Any CPU.ActiveCfg = Release|Any CPU
		{8D974E7A-9105-45E0-AB3D-4058DDBC8988}.Release|Any CPU.Build.0 = Release|Any CPU
		{0F230872-5779-4B07-87E5-5DB3E3AD9543}.Debug|Any CPU.ActiveCfg = Debug|Any CPU
		{0F230872-5779-4B07-87E5-5DB3E3AD9543}.Debug|Any CPU.Build.0 = Debug|Any CPU
		{0F230872-5779-4B07-87E5-5DB3E3AD9543}.Release|Any CPU.ActiveCfg = Release|Any CPU
		{0F230872-5779-4B07-87E5-5DB3E3AD9543}.Release|Any CPU.Build.0 = Release|Any CPU
		{5257D123-8327-4058-A356-5A2368BE3E8E}.Debug|Any CPU.ActiveCfg = Debug|Any CPU
		{5257D123-8327-4058-A356-5A2368BE3E8E}.Debug|Any CPU.Build.0 = Debug|Any CPU
		{5257D123-8327-4058-A356-5A2368BE3E8E}.Release|Any CPU.ActiveCfg = Release|Any CPU
		{5257D123-8327-4058-A356-5A2368BE3E8E}.Release|Any CPU.Build.0 = Release|Any CPU
		{BB86DD57-9ABE-40B7-88A0-B93F619C49E2}.Debug|Any CPU.ActiveCfg = Debug|Any CPU
		{BB86DD57-9ABE-40B7-88A0-B93F619C49E2}.Debug|Any CPU.Build.0 = Debug|Any CPU
		{BB86DD57-9ABE-40B7-88A0-B93F619C49E2}.Release|Any CPU.ActiveCfg = Release|Any CPU
		{BB86DD57-9ABE-40B7-88A0-B93F619C49E2}.Release|Any CPU.Build.0 = Release|Any CPU
		{1F3F3D65-1F54-473A-8556-60D8E02BD9AF}.Debug|Any CPU.ActiveCfg = Debug|Any CPU
		{1F3F3D65-1F54-473A-8556-60D8E02BD9AF}.Debug|Any CPU.Build.0 = Debug|Any CPU
		{1F3F3D65-1F54-473A-8556-60D8E02BD9AF}.Release|Any CPU.ActiveCfg = Release|Any CPU
		{1F3F3D65-1F54-473A-8556-60D8E02BD9AF}.Release|Any CPU.Build.0 = Release|Any CPU
		{E867868D-CE41-4C97-AC94-E3386A06D589}.Debug|Any CPU.ActiveCfg = Debug|Any CPU
		{E867868D-CE41-4C97-AC94-E3386A06D589}.Debug|Any CPU.Build.0 = Debug|Any CPU
		{E867868D-CE41-4C97-AC94-E3386A06D589}.Release|Any CPU.ActiveCfg = Release|Any CPU
		{E867868D-CE41-4C97-AC94-E3386A06D589}.Release|Any CPU.Build.0 = Release|Any CPU
		{3820F7AF-B563-4E8A-BAC5-D1DF3FD5BB5B}.Debug|Any CPU.ActiveCfg = Debug|Any CPU
		{3820F7AF-B563-4E8A-BAC5-D1DF3FD5BB5B}.Debug|Any CPU.Build.0 = Debug|Any CPU
		{3820F7AF-B563-4E8A-BAC5-D1DF3FD5BB5B}.Release|Any CPU.ActiveCfg = Release|Any CPU
		{3820F7AF-B563-4E8A-BAC5-D1DF3FD5BB5B}.Release|Any CPU.Build.0 = Release|Any CPU
		{65534B3D-1386-43A8-85DA-FE724CA63525}.Debug|Any CPU.ActiveCfg = Debug|Any CPU
		{65534B3D-1386-43A8-85DA-FE724CA63525}.Debug|Any CPU.Build.0 = Debug|Any CPU
		{65534B3D-1386-43A8-85DA-FE724CA63525}.Release|Any CPU.ActiveCfg = Release|Any CPU
		{65534B3D-1386-43A8-85DA-FE724CA63525}.Release|Any CPU.Build.0 = Release|Any CPU
		{D7CBCD7A-4E84-4A5A-99FE-7C5BC3E9512E}.Debug|Any CPU.ActiveCfg = Debug|Any CPU
		{D7CBCD7A-4E84-4A5A-99FE-7C5BC3E9512E}.Debug|Any CPU.Build.0 = Debug|Any CPU
		{D7CBCD7A-4E84-4A5A-99FE-7C5BC3E9512E}.Release|Any CPU.ActiveCfg = Release|Any CPU
		{D7CBCD7A-4E84-4A5A-99FE-7C5BC3E9512E}.Release|Any CPU.Build.0 = Release|Any CPU
		{992CFF93-2AB1-44BB-9F37-3923607C4A99}.Debug|Any CPU.ActiveCfg = Debug|Any CPU
		{992CFF93-2AB1-44BB-9F37-3923607C4A99}.Debug|Any CPU.Build.0 = Debug|Any CPU
		{992CFF93-2AB1-44BB-9F37-3923607C4A99}.Release|Any CPU.ActiveCfg = Release|Any CPU
		{992CFF93-2AB1-44BB-9F37-3923607C4A99}.Release|Any CPU.Build.0 = Release|Any CPU
		{E1FEA7A3-719E-4E9C-80FD-BC0E59B31C21}.Debug|Any CPU.ActiveCfg = Debug|Any CPU
		{E1FEA7A3-719E-4E9C-80FD-BC0E59B31C21}.Debug|Any CPU.Build.0 = Debug|Any CPU
		{E1FEA7A3-719E-4E9C-80FD-BC0E59B31C21}.Release|Any CPU.ActiveCfg = Release|Any CPU
		{E1FEA7A3-719E-4E9C-80FD-BC0E59B31C21}.Release|Any CPU.Build.0 = Release|Any CPU
		{E13EB757-4394-4D87-9C63-B8CF97B579B7}.Debug|Any CPU.ActiveCfg = Debug|Any CPU
		{E13EB757-4394-4D87-9C63-B8CF97B579B7}.Debug|Any CPU.Build.0 = Debug|Any CPU
		{E13EB757-4394-4D87-9C63-B8CF97B579B7}.Release|Any CPU.ActiveCfg = Release|Any CPU
		{E13EB757-4394-4D87-9C63-B8CF97B579B7}.Release|Any CPU.Build.0 = Release|Any CPU
		{0B5DBFF1-2157-432C-8405-0EA34D3EF2DD}.Debug|Any CPU.ActiveCfg = Debug|Any CPU
		{0B5DBFF1-2157-432C-8405-0EA34D3EF2DD}.Debug|Any CPU.Build.0 = Debug|Any CPU
		{0B5DBFF1-2157-432C-8405-0EA34D3EF2DD}.Release|Any CPU.ActiveCfg = Release|Any CPU
		{0B5DBFF1-2157-432C-8405-0EA34D3EF2DD}.Release|Any CPU.Build.0 = Release|Any CPU
		{7AE26736-405C-4445-B5C5-F6E94AA2749A}.Debug|Any CPU.ActiveCfg = Debug|Any CPU
		{7AE26736-405C-4445-B5C5-F6E94AA2749A}.Debug|Any CPU.Build.0 = Debug|Any CPU
		{7AE26736-405C-4445-B5C5-F6E94AA2749A}.Release|Any CPU.ActiveCfg = Release|Any CPU
		{7AE26736-405C-4445-B5C5-F6E94AA2749A}.Release|Any CPU.Build.0 = Release|Any CPU
		{98367424-0A00-408D-A588-A8236AF07DD2}.Debug|Any CPU.ActiveCfg = Debug|Any CPU
		{98367424-0A00-408D-A588-A8236AF07DD2}.Debug|Any CPU.Build.0 = Debug|Any CPU
		{98367424-0A00-408D-A588-A8236AF07DD2}.Release|Any CPU.ActiveCfg = Release|Any CPU
		{98367424-0A00-408D-A588-A8236AF07DD2}.Release|Any CPU.Build.0 = Release|Any CPU
		{D683C7E0-C4EA-44D5-8E46-06D918761527}.Debug|Any CPU.ActiveCfg = Debug|Any CPU
		{D683C7E0-C4EA-44D5-8E46-06D918761527}.Debug|Any CPU.Build.0 = Debug|Any CPU
		{D683C7E0-C4EA-44D5-8E46-06D918761527}.Release|Any CPU.ActiveCfg = Release|Any CPU
		{D683C7E0-C4EA-44D5-8E46-06D918761527}.Release|Any CPU.Build.0 = Release|Any CPU
		{EA3E1F1A-8DFF-4C74-B9B0-DFAF4A0CAC7F}.Debug|Any CPU.ActiveCfg = Debug|Any CPU
		{EA3E1F1A-8DFF-4C74-B9B0-DFAF4A0CAC7F}.Debug|Any CPU.Build.0 = Debug|Any CPU
		{EA3E1F1A-8DFF-4C74-B9B0-DFAF4A0CAC7F}.Release|Any CPU.ActiveCfg = Release|Any CPU
		{EA3E1F1A-8DFF-4C74-B9B0-DFAF4A0CAC7F}.Release|Any CPU.Build.0 = Release|Any CPU
		{F69653AB-7433-489D-9DED-FBDDE963035C}.Debug|Any CPU.ActiveCfg = Debug|Any CPU
		{F69653AB-7433-489D-9DED-FBDDE963035C}.Debug|Any CPU.Build.0 = Debug|Any CPU
		{F69653AB-7433-489D-9DED-FBDDE963035C}.Release|Any CPU.ActiveCfg = Release|Any CPU
		{F69653AB-7433-489D-9DED-FBDDE963035C}.Release|Any CPU.Build.0 = Release|Any CPU
		{88795664-7712-450C-A983-8927663F1D6C}.Debug|Any CPU.ActiveCfg = Debug|Any CPU
		{88795664-7712-450C-A983-8927663F1D6C}.Debug|Any CPU.Build.0 = Debug|Any CPU
		{88795664-7712-450C-A983-8927663F1D6C}.Release|Any CPU.ActiveCfg = Release|Any CPU
		{88795664-7712-450C-A983-8927663F1D6C}.Release|Any CPU.Build.0 = Release|Any CPU
		{57DF9754-35C3-48E6-B782-5718424A545B}.Debug|Any CPU.ActiveCfg = Debug|Any CPU
		{57DF9754-35C3-48E6-B782-5718424A545B}.Debug|Any CPU.Build.0 = Debug|Any CPU
		{57DF9754-35C3-48E6-B782-5718424A545B}.Release|Any CPU.ActiveCfg = Release|Any CPU
		{57DF9754-35C3-48E6-B782-5718424A545B}.Release|Any CPU.Build.0 = Release|Any CPU
		{D470C61B-C457-4015-9972-C15FB5DAE629}.Debug|Any CPU.ActiveCfg = Debug|Any CPU
		{D470C61B-C457-4015-9972-C15FB5DAE629}.Debug|Any CPU.Build.0 = Debug|Any CPU
		{D470C61B-C457-4015-9972-C15FB5DAE629}.Release|Any CPU.ActiveCfg = Release|Any CPU
		{D470C61B-C457-4015-9972-C15FB5DAE629}.Release|Any CPU.Build.0 = Release|Any CPU
		{B56847F1-1A62-4167-B092-5970BC2C19E0}.Debug|Any CPU.ActiveCfg = Debug|Any CPU
		{B56847F1-1A62-4167-B092-5970BC2C19E0}.Debug|Any CPU.Build.0 = Debug|Any CPU
		{B56847F1-1A62-4167-B092-5970BC2C19E0}.Release|Any CPU.ActiveCfg = Release|Any CPU
		{B56847F1-1A62-4167-B092-5970BC2C19E0}.Release|Any CPU.Build.0 = Release|Any CPU
		{B60FAB3A-6F53-41C0-939B-A94C7478D6B0}.Debug|Any CPU.ActiveCfg = Debug|Any CPU
		{B60FAB3A-6F53-41C0-939B-A94C7478D6B0}.Debug|Any CPU.Build.0 = Debug|Any CPU
		{B60FAB3A-6F53-41C0-939B-A94C7478D6B0}.Release|Any CPU.ActiveCfg = Release|Any CPU
		{B60FAB3A-6F53-41C0-939B-A94C7478D6B0}.Release|Any CPU.Build.0 = Release|Any CPU
		{FE553EA9-8EE9-4079-8E8D-CC8EC752FE73}.Debug|Any CPU.ActiveCfg = Debug|Any CPU
		{FE553EA9-8EE9-4079-8E8D-CC8EC752FE73}.Debug|Any CPU.Build.0 = Debug|Any CPU
		{FE553EA9-8EE9-4079-8E8D-CC8EC752FE73}.Release|Any CPU.ActiveCfg = Release|Any CPU
		{FE553EA9-8EE9-4079-8E8D-CC8EC752FE73}.Release|Any CPU.Build.0 = Release|Any CPU
		{D6D5B2A9-A0C8-4048-A5CC-55B2B6DC0EB4}.Debug|Any CPU.ActiveCfg = Debug|Any CPU
		{D6D5B2A9-A0C8-4048-A5CC-55B2B6DC0EB4}.Debug|Any CPU.Build.0 = Debug|Any CPU
		{D6D5B2A9-A0C8-4048-A5CC-55B2B6DC0EB4}.Release|Any CPU.ActiveCfg = Release|Any CPU
		{D6D5B2A9-A0C8-4048-A5CC-55B2B6DC0EB4}.Release|Any CPU.Build.0 = Release|Any CPU
		{5025754E-C2C5-449F-974F-7A7BD467E30A}.Debug|Any CPU.ActiveCfg = Debug|Any CPU
		{5025754E-C2C5-449F-974F-7A7BD467E30A}.Debug|Any CPU.Build.0 = Debug|Any CPU
		{5025754E-C2C5-449F-974F-7A7BD467E30A}.Release|Any CPU.ActiveCfg = Release|Any CPU
		{5025754E-C2C5-449F-974F-7A7BD467E30A}.Release|Any CPU.Build.0 = Release|Any CPU
		{E72EEF05-63C6-447A-8E11-2D834EA84767}.Debug|Any CPU.ActiveCfg = Debug|Any CPU
		{E72EEF05-63C6-447A-8E11-2D834EA84767}.Debug|Any CPU.Build.0 = Debug|Any CPU
		{E72EEF05-63C6-447A-8E11-2D834EA84767}.Release|Any CPU.ActiveCfg = Release|Any CPU
		{E72EEF05-63C6-447A-8E11-2D834EA84767}.Release|Any CPU.Build.0 = Release|Any CPU
		{E1C53FCE-AD8A-4B1E-8AEC-AA186EDB6D29}.Debug|Any CPU.ActiveCfg = Debug|Any CPU
		{E1C53FCE-AD8A-4B1E-8AEC-AA186EDB6D29}.Debug|Any CPU.Build.0 = Debug|Any CPU
		{E1C53FCE-AD8A-4B1E-8AEC-AA186EDB6D29}.Release|Any CPU.ActiveCfg = Release|Any CPU
		{E1C53FCE-AD8A-4B1E-8AEC-AA186EDB6D29}.Release|Any CPU.Build.0 = Release|Any CPU
		{E78EB0BC-29F9-42FE-BEDC-1760934A5B02}.Debug|Any CPU.ActiveCfg = Debug|Any CPU
		{E78EB0BC-29F9-42FE-BEDC-1760934A5B02}.Debug|Any CPU.Build.0 = Debug|Any CPU
		{E78EB0BC-29F9-42FE-BEDC-1760934A5B02}.Release|Any CPU.ActiveCfg = Release|Any CPU
		{E78EB0BC-29F9-42FE-BEDC-1760934A5B02}.Release|Any CPU.Build.0 = Release|Any CPU
		{FFFCB37F-07D4-4B08-907F-F947BA8DADC8}.Debug|Any CPU.ActiveCfg = Debug|Any CPU
		{FFFCB37F-07D4-4B08-907F-F947BA8DADC8}.Debug|Any CPU.Build.0 = Debug|Any CPU
		{FFFCB37F-07D4-4B08-907F-F947BA8DADC8}.Release|Any CPU.ActiveCfg = Release|Any CPU
		{FFFCB37F-07D4-4B08-907F-F947BA8DADC8}.Release|Any CPU.Build.0 = Release|Any CPU
		{A0AADF2F-A8E1-453C-BCA1-9304EB86DA1F}.Debug|Any CPU.ActiveCfg = Debug|Any CPU
		{A0AADF2F-A8E1-453C-BCA1-9304EB86DA1F}.Debug|Any CPU.Build.0 = Debug|Any CPU
		{A0AADF2F-A8E1-453C-BCA1-9304EB86DA1F}.Release|Any CPU.ActiveCfg = Release|Any CPU
		{A0AADF2F-A8E1-453C-BCA1-9304EB86DA1F}.Release|Any CPU.Build.0 = Release|Any CPU
		{5449C057-DA85-4F11-BD2D-1FBE55606FBC}.Debug|Any CPU.ActiveCfg = Debug|Any CPU
		{5449C057-DA85-4F11-BD2D-1FBE55606FBC}.Debug|Any CPU.Build.0 = Debug|Any CPU
		{5449C057-DA85-4F11-BD2D-1FBE55606FBC}.Release|Any CPU.ActiveCfg = Release|Any CPU
		{5449C057-DA85-4F11-BD2D-1FBE55606FBC}.Release|Any CPU.Build.0 = Release|Any CPU
		{3AC3D7E5-9ECD-43FF-9F0A-9984135D691C}.Debug|Any CPU.ActiveCfg = Debug|Any CPU
		{3AC3D7E5-9ECD-43FF-9F0A-9984135D691C}.Debug|Any CPU.Build.0 = Debug|Any CPU
		{3AC3D7E5-9ECD-43FF-9F0A-9984135D691C}.Release|Any CPU.ActiveCfg = Release|Any CPU
		{3AC3D7E5-9ECD-43FF-9F0A-9984135D691C}.Release|Any CPU.Build.0 = Release|Any CPU
		{B8B2CE5F-136D-47CE-9B64-1FED6A1522CA}.Debug|Any CPU.ActiveCfg = Debug|Any CPU
		{B8B2CE5F-136D-47CE-9B64-1FED6A1522CA}.Debug|Any CPU.Build.0 = Debug|Any CPU
		{B8B2CE5F-136D-47CE-9B64-1FED6A1522CA}.Release|Any CPU.ActiveCfg = Release|Any CPU
		{B8B2CE5F-136D-47CE-9B64-1FED6A1522CA}.Release|Any CPU.Build.0 = Release|Any CPU
		{AC94383D-B2E4-4650-82EC-7000F9E474F8}.Debug|Any CPU.ActiveCfg = Debug|Any CPU
		{AC94383D-B2E4-4650-82EC-7000F9E474F8}.Debug|Any CPU.Build.0 = Debug|Any CPU
		{AC94383D-B2E4-4650-82EC-7000F9E474F8}.Release|Any CPU.ActiveCfg = Release|Any CPU
		{AC94383D-B2E4-4650-82EC-7000F9E474F8}.Release|Any CPU.Build.0 = Release|Any CPU
		{7DC94693-A203-480E-B948-DE95A7189C18}.Debug|Any CPU.ActiveCfg = Debug|Any CPU
		{7DC94693-A203-480E-B948-DE95A7189C18}.Debug|Any CPU.Build.0 = Debug|Any CPU
		{7DC94693-A203-480E-B948-DE95A7189C18}.Release|Any CPU.ActiveCfg = Release|Any CPU
		{7DC94693-A203-480E-B948-DE95A7189C18}.Release|Any CPU.Build.0 = Release|Any CPU
		{1D05B6D5-6A93-4ECF-AC93-5FD04F77AE18}.Debug|Any CPU.ActiveCfg = Debug|Any CPU
		{1D05B6D5-6A93-4ECF-AC93-5FD04F77AE18}.Debug|Any CPU.Build.0 = Debug|Any CPU
		{1D05B6D5-6A93-4ECF-AC93-5FD04F77AE18}.Release|Any CPU.ActiveCfg = Release|Any CPU
		{1D05B6D5-6A93-4ECF-AC93-5FD04F77AE18}.Release|Any CPU.Build.0 = Release|Any CPU
		{679DA093-1306-492B-BE8D-BA11EE1DAFCE}.Debug|Any CPU.ActiveCfg = Debug|Any CPU
		{679DA093-1306-492B-BE8D-BA11EE1DAFCE}.Debug|Any CPU.Build.0 = Debug|Any CPU
		{679DA093-1306-492B-BE8D-BA11EE1DAFCE}.Release|Any CPU.ActiveCfg = Release|Any CPU
		{679DA093-1306-492B-BE8D-BA11EE1DAFCE}.Release|Any CPU.Build.0 = Release|Any CPU
		{FCD55E98-8DB6-4621-93A9-C466287E01CA}.Debug|Any CPU.ActiveCfg = Debug|Any CPU
		{FCD55E98-8DB6-4621-93A9-C466287E01CA}.Debug|Any CPU.Build.0 = Debug|Any CPU
		{FCD55E98-8DB6-4621-93A9-C466287E01CA}.Release|Any CPU.ActiveCfg = Release|Any CPU
		{FCD55E98-8DB6-4621-93A9-C466287E01CA}.Release|Any CPU.Build.0 = Release|Any CPU
		{FA9D7147-E92F-4DED-A2E3-2201D63FBB57}.Debug|Any CPU.ActiveCfg = Debug|Any CPU
		{FA9D7147-E92F-4DED-A2E3-2201D63FBB57}.Debug|Any CPU.Build.0 = Debug|Any CPU
		{FA9D7147-E92F-4DED-A2E3-2201D63FBB57}.Release|Any CPU.ActiveCfg = Release|Any CPU
		{FA9D7147-E92F-4DED-A2E3-2201D63FBB57}.Release|Any CPU.Build.0 = Release|Any CPU
		{7936C843-0AB6-4E86-9799-9289972BA9E8}.Debug|Any CPU.ActiveCfg = Debug|Any CPU
		{7936C843-0AB6-4E86-9799-9289972BA9E8}.Debug|Any CPU.Build.0 = Debug|Any CPU
		{7936C843-0AB6-4E86-9799-9289972BA9E8}.Release|Any CPU.ActiveCfg = Release|Any CPU
		{7936C843-0AB6-4E86-9799-9289972BA9E8}.Release|Any CPU.Build.0 = Release|Any CPU
		{55596D70-30EF-47EA-A156-968CFF3F0FEE}.Debug|Any CPU.ActiveCfg = Debug|Any CPU
		{55596D70-30EF-47EA-A156-968CFF3F0FEE}.Debug|Any CPU.Build.0 = Debug|Any CPU
		{55596D70-30EF-47EA-A156-968CFF3F0FEE}.Release|Any CPU.ActiveCfg = Release|Any CPU
		{55596D70-30EF-47EA-A156-968CFF3F0FEE}.Release|Any CPU.Build.0 = Release|Any CPU
		{0AEBC3F7-643F-4CD5-870B-DA3EEE597D66}.Debug|Any CPU.ActiveCfg = Debug|Any CPU
		{0AEBC3F7-643F-4CD5-870B-DA3EEE597D66}.Debug|Any CPU.Build.0 = Debug|Any CPU
		{0AEBC3F7-643F-4CD5-870B-DA3EEE597D66}.Release|Any CPU.ActiveCfg = Release|Any CPU
		{0AEBC3F7-643F-4CD5-870B-DA3EEE597D66}.Release|Any CPU.Build.0 = Release|Any CPU
		{44BDE510-6A94-4176-8CE7-BB9AD174F59A}.Debug|Any CPU.ActiveCfg = Debug|Any CPU
		{44BDE510-6A94-4176-8CE7-BB9AD174F59A}.Debug|Any CPU.Build.0 = Debug|Any CPU
		{44BDE510-6A94-4176-8CE7-BB9AD174F59A}.Release|Any CPU.ActiveCfg = Release|Any CPU
		{44BDE510-6A94-4176-8CE7-BB9AD174F59A}.Release|Any CPU.Build.0 = Release|Any CPU
		{08B8E3A1-70CF-43EC-AFEA-AEE7B5648359}.Debug|Any CPU.ActiveCfg = Debug|Any CPU
		{08B8E3A1-70CF-43EC-AFEA-AEE7B5648359}.Debug|Any CPU.Build.0 = Debug|Any CPU
		{08B8E3A1-70CF-43EC-AFEA-AEE7B5648359}.Release|Any CPU.ActiveCfg = Release|Any CPU
		{08B8E3A1-70CF-43EC-AFEA-AEE7B5648359}.Release|Any CPU.Build.0 = Release|Any CPU
		{EEAFD109-3BA1-4FE8-BC7C-138761F5D347}.Debug|Any CPU.ActiveCfg = Debug|Any CPU
		{EEAFD109-3BA1-4FE8-BC7C-138761F5D347}.Debug|Any CPU.Build.0 = Debug|Any CPU
		{EEAFD109-3BA1-4FE8-BC7C-138761F5D347}.Release|Any CPU.ActiveCfg = Release|Any CPU
		{EEAFD109-3BA1-4FE8-BC7C-138761F5D347}.Release|Any CPU.Build.0 = Release|Any CPU
		{522D7EEF-56A7-4FFB-96AF-E34DA2C44AA7}.Debug|Any CPU.ActiveCfg = Debug|Any CPU
		{522D7EEF-56A7-4FFB-96AF-E34DA2C44AA7}.Debug|Any CPU.Build.0 = Debug|Any CPU
		{522D7EEF-56A7-4FFB-96AF-E34DA2C44AA7}.Release|Any CPU.ActiveCfg = Release|Any CPU
		{522D7EEF-56A7-4FFB-96AF-E34DA2C44AA7}.Release|Any CPU.Build.0 = Release|Any CPU
		{74DC52D5-D0F7-4387-B4FC-3E6C87B222C8}.Debug|Any CPU.ActiveCfg = Debug|Any CPU
		{74DC52D5-D0F7-4387-B4FC-3E6C87B222C8}.Debug|Any CPU.Build.0 = Debug|Any CPU
		{74DC52D5-D0F7-4387-B4FC-3E6C87B222C8}.Release|Any CPU.ActiveCfg = Release|Any CPU
		{74DC52D5-D0F7-4387-B4FC-3E6C87B222C8}.Release|Any CPU.Build.0 = Release|Any CPU
		{1A121FE1-CF44-45D2-9340-9FFC0865CBE1}.Debug|Any CPU.ActiveCfg = Debug|Any CPU
		{1A121FE1-CF44-45D2-9340-9FFC0865CBE1}.Debug|Any CPU.Build.0 = Debug|Any CPU
		{1A121FE1-CF44-45D2-9340-9FFC0865CBE1}.Release|Any CPU.ActiveCfg = Release|Any CPU
		{1A121FE1-CF44-45D2-9340-9FFC0865CBE1}.Release|Any CPU.Build.0 = Release|Any CPU
		{B9762E36-07C6-41E8-ADDA-FF69FE471F34}.Debug|Any CPU.ActiveCfg = Debug|Any CPU
		{B9762E36-07C6-41E8-ADDA-FF69FE471F34}.Debug|Any CPU.Build.0 = Debug|Any CPU
		{B9762E36-07C6-41E8-ADDA-FF69FE471F34}.Release|Any CPU.ActiveCfg = Release|Any CPU
		{B9762E36-07C6-41E8-ADDA-FF69FE471F34}.Release|Any CPU.Build.0 = Release|Any CPU
		{E1DE0087-D2F4-4C34-B221-48C1DE0B67CA}.Debug|Any CPU.ActiveCfg = Debug|Any CPU
		{E1DE0087-D2F4-4C34-B221-48C1DE0B67CA}.Debug|Any CPU.Build.0 = Debug|Any CPU
		{E1DE0087-D2F4-4C34-B221-48C1DE0B67CA}.Release|Any CPU.ActiveCfg = Release|Any CPU
		{E1DE0087-D2F4-4C34-B221-48C1DE0B67CA}.Release|Any CPU.Build.0 = Release|Any CPU
		{32D34047-FCFA-4BFC-80BB-BB100E709781}.Debug|Any CPU.ActiveCfg = Debug|Any CPU
		{32D34047-FCFA-4BFC-80BB-BB100E709781}.Debug|Any CPU.Build.0 = Debug|Any CPU
		{32D34047-FCFA-4BFC-80BB-BB100E709781}.Release|Any CPU.ActiveCfg = Release|Any CPU
		{32D34047-FCFA-4BFC-80BB-BB100E709781}.Release|Any CPU.Build.0 = Release|Any CPU
		{1F03CF50-ED7E-4062-99B4-9D8C7832A601}.Debug|Any CPU.ActiveCfg = Debug|Any CPU
		{1F03CF50-ED7E-4062-99B4-9D8C7832A601}.Debug|Any CPU.Build.0 = Debug|Any CPU
		{1F03CF50-ED7E-4062-99B4-9D8C7832A601}.Release|Any CPU.ActiveCfg = Release|Any CPU
		{1F03CF50-ED7E-4062-99B4-9D8C7832A601}.Release|Any CPU.Build.0 = Release|Any CPU
		{8E0FB994-088C-458F-B63A-B23C391C9F01}.Debug|Any CPU.ActiveCfg = Debug|Any CPU
		{8E0FB994-088C-458F-B63A-B23C391C9F01}.Debug|Any CPU.Build.0 = Debug|Any CPU
		{8E0FB994-088C-458F-B63A-B23C391C9F01}.Release|Any CPU.ActiveCfg = Release|Any CPU
		{8E0FB994-088C-458F-B63A-B23C391C9F01}.Release|Any CPU.Build.0 = Release|Any CPU
		{7B3031F0-0E47-4D72-9F0B-B0BBDFCAA648}.Debug|Any CPU.ActiveCfg = Debug|Any CPU
		{7B3031F0-0E47-4D72-9F0B-B0BBDFCAA648}.Debug|Any CPU.Build.0 = Debug|Any CPU
		{7B3031F0-0E47-4D72-9F0B-B0BBDFCAA648}.Release|Any CPU.ActiveCfg = Release|Any CPU
		{7B3031F0-0E47-4D72-9F0B-B0BBDFCAA648}.Release|Any CPU.Build.0 = Release|Any CPU
		{3D6C4F71-2AAA-4C7F-AFC2-A2A367292755}.Debug|Any CPU.ActiveCfg = Debug|Any CPU
		{3D6C4F71-2AAA-4C7F-AFC2-A2A367292755}.Debug|Any CPU.Build.0 = Debug|Any CPU
		{3D6C4F71-2AAA-4C7F-AFC2-A2A367292755}.Release|Any CPU.ActiveCfg = Release|Any CPU
		{3D6C4F71-2AAA-4C7F-AFC2-A2A367292755}.Release|Any CPU.Build.0 = Release|Any CPU
		{D8F57FF7-6544-493E-87E9-B5692A47E902}.Debug|Any CPU.ActiveCfg = Debug|Any CPU
		{D8F57FF7-6544-493E-87E9-B5692A47E902}.Debug|Any CPU.Build.0 = Debug|Any CPU
		{D8F57FF7-6544-493E-87E9-B5692A47E902}.Release|Any CPU.ActiveCfg = Release|Any CPU
		{D8F57FF7-6544-493E-87E9-B5692A47E902}.Release|Any CPU.Build.0 = Release|Any CPU
		{A51815BF-94DE-44A5-9E6C-FE5B990F956E}.Debug|Any CPU.ActiveCfg = Debug|Any CPU
		{A51815BF-94DE-44A5-9E6C-FE5B990F956E}.Debug|Any CPU.Build.0 = Debug|Any CPU
		{A51815BF-94DE-44A5-9E6C-FE5B990F956E}.Release|Any CPU.ActiveCfg = Release|Any CPU
		{A51815BF-94DE-44A5-9E6C-FE5B990F956E}.Release|Any CPU.Build.0 = Release|Any CPU
		{97BF8331-DD13-4889-8416-B0A75A8F5734}.Debug|Any CPU.ActiveCfg = Debug|Any CPU
		{97BF8331-DD13-4889-8416-B0A75A8F5734}.Debug|Any CPU.Build.0 = Debug|Any CPU
		{97BF8331-DD13-4889-8416-B0A75A8F5734}.Release|Any CPU.ActiveCfg = Release|Any CPU
		{97BF8331-DD13-4889-8416-B0A75A8F5734}.Release|Any CPU.Build.0 = Release|Any CPU
		{8B32C06F-4472-4037-9E2F-4325AC9A343F}.Debug|Any CPU.ActiveCfg = Debug|Any CPU
		{8B32C06F-4472-4037-9E2F-4325AC9A343F}.Debug|Any CPU.Build.0 = Debug|Any CPU
		{8B32C06F-4472-4037-9E2F-4325AC9A343F}.Release|Any CPU.ActiveCfg = Release|Any CPU
		{8B32C06F-4472-4037-9E2F-4325AC9A343F}.Release|Any CPU.Build.0 = Release|Any CPU
		{D067FAB0-86CE-494D-B2C0-219F93F87ECD}.Debug|Any CPU.ActiveCfg = Debug|Any CPU
		{D067FAB0-86CE-494D-B2C0-219F93F87ECD}.Debug|Any CPU.Build.0 = Debug|Any CPU
		{D067FAB0-86CE-494D-B2C0-219F93F87ECD}.Release|Any CPU.ActiveCfg = Release|Any CPU
		{D067FAB0-86CE-494D-B2C0-219F93F87ECD}.Release|Any CPU.Build.0 = Release|Any CPU
		{C6ED11C5-211C-4970-951B-1534AF5681B6}.Debug|Any CPU.ActiveCfg = Debug|Any CPU
		{C6ED11C5-211C-4970-951B-1534AF5681B6}.Debug|Any CPU.Build.0 = Debug|Any CPU
		{C6ED11C5-211C-4970-951B-1534AF5681B6}.Release|Any CPU.ActiveCfg = Release|Any CPU
		{C6ED11C5-211C-4970-951B-1534AF5681B6}.Release|Any CPU.Build.0 = Release|Any CPU
		{5B80C337-6548-4057-B4F5-C514F98168ED}.Debug|Any CPU.ActiveCfg = Debug|Any CPU
		{5B80C337-6548-4057-B4F5-C514F98168ED}.Debug|Any CPU.Build.0 = Debug|Any CPU
		{5B80C337-6548-4057-B4F5-C514F98168ED}.Release|Any CPU.ActiveCfg = Release|Any CPU
		{5B80C337-6548-4057-B4F5-C514F98168ED}.Release|Any CPU.Build.0 = Release|Any CPU
		{D6377C19-A972-47D6-87AA-FA632BBB7E55}.Debug|Any CPU.ActiveCfg = Debug|Any CPU
		{D6377C19-A972-47D6-87AA-FA632BBB7E55}.Debug|Any CPU.Build.0 = Debug|Any CPU
		{D6377C19-A972-47D6-87AA-FA632BBB7E55}.Release|Any CPU.ActiveCfg = Release|Any CPU
		{D6377C19-A972-47D6-87AA-FA632BBB7E55}.Release|Any CPU.Build.0 = Release|Any CPU
		{F0ADABE0-FBBF-4477-9B00-F8933F36C660}.Debug|Any CPU.ActiveCfg = Debug|Any CPU
		{F0ADABE0-FBBF-4477-9B00-F8933F36C660}.Debug|Any CPU.Build.0 = Debug|Any CPU
		{F0ADABE0-FBBF-4477-9B00-F8933F36C660}.Release|Any CPU.ActiveCfg = Release|Any CPU
		{F0ADABE0-FBBF-4477-9B00-F8933F36C660}.Release|Any CPU.Build.0 = Release|Any CPU
	EndGlobalSection
	GlobalSection(SolutionProperties) = preSolution
		HideSolutionNode = FALSE
	EndGlobalSection
	GlobalSection(NestedProjects) = preSolution
		{157AABE1-E7A3-4338-A32B-4CAC07F3C2E5} = {94498398-692D-463E-B539-8AA8A3DC9116}
		{0A2A4ADC-EC81-4062-B6A3-0086C0DF7C55} = {8D13210E-6B69-42A6-B4C5-B88CD933EC47}
		{9835A6F4-6C87-4EC9-A187-395633DA53EC} = {8D13210E-6B69-42A6-B4C5-B88CD933EC47}
		{CD4A0EBB-1BF5-4B79-8ED0-21079F0D93B0} = {8D13210E-6B69-42A6-B4C5-B88CD933EC47}
		{4532F388-6FDD-4AC5-B1D9-458BE1EFC5B2} = {8D13210E-6B69-42A6-B4C5-B88CD933EC47}
		{40A58D29-4C8B-4547-AD7E-89EBD41F1085} = {8D13210E-6B69-42A6-B4C5-B88CD933EC47}
		{044A382C-E2CD-4060-8EE5-40A961AB8910} = {8D13210E-6B69-42A6-B4C5-B88CD933EC47}
		{5DCEF28D-0FE3-4721-8E6B-449BE1151DAC} = {1F8BC61E-82E5-49B0-B57B-F2552C1ED56B}
		{F26A3E88-C153-49FD-B7B3-48279FFD468B} = {1F8BC61E-82E5-49B0-B57B-F2552C1ED56B}
		{8D974E7A-9105-45E0-AB3D-4058DDBC8988} = {1F8BC61E-82E5-49B0-B57B-F2552C1ED56B}
		{0F230872-5779-4B07-87E5-5DB3E3AD9543} = {1F8BC61E-82E5-49B0-B57B-F2552C1ED56B}
		{5257D123-8327-4058-A356-5A2368BE3E8E} = {1F8BC61E-82E5-49B0-B57B-F2552C1ED56B}
		{BB86DD57-9ABE-40B7-88A0-B93F619C49E2} = {1CC3E218-87B8-4D4F-B76F-AEB559A42DD8}
		{1F3F3D65-1F54-473A-8556-60D8E02BD9AF} = {1CC3E218-87B8-4D4F-B76F-AEB559A42DD8}
		{E867868D-CE41-4C97-AC94-E3386A06D589} = {1CC3E218-87B8-4D4F-B76F-AEB559A42DD8}
		{3820F7AF-B563-4E8A-BAC5-D1DF3FD5BB5B} = {1CC3E218-87B8-4D4F-B76F-AEB559A42DD8}
		{65534B3D-1386-43A8-85DA-FE724CA63525} = {1CC3E218-87B8-4D4F-B76F-AEB559A42DD8}
		{D7CBCD7A-4E84-4A5A-99FE-7C5BC3E9512E} = {1CC3E218-87B8-4D4F-B76F-AEB559A42DD8}
		{992CFF93-2AB1-44BB-9F37-3923607C4A99} = {1CC3E218-87B8-4D4F-B76F-AEB559A42DD8}
		{E1FEA7A3-719E-4E9C-80FD-BC0E59B31C21} = {2D6E22ED-D7B8-4BC5-B0BB-6B67FC3F1189}
		{E13EB757-4394-4D87-9C63-B8CF97B579B7} = {2D6E22ED-D7B8-4BC5-B0BB-6B67FC3F1189}
		{0B5DBFF1-2157-432C-8405-0EA34D3EF2DD} = {2D6E22ED-D7B8-4BC5-B0BB-6B67FC3F1189}
		{7AE26736-405C-4445-B5C5-F6E94AA2749A} = {2D6E22ED-D7B8-4BC5-B0BB-6B67FC3F1189}
		{98367424-0A00-408D-A588-A8236AF07DD2} = {3EEC5DB7-005D-4CE6-9226-AE8218DE76FB}
		{D683C7E0-C4EA-44D5-8E46-06D918761527} = {3EEC5DB7-005D-4CE6-9226-AE8218DE76FB}
		{EA3E1F1A-8DFF-4C74-B9B0-DFAF4A0CAC7F} = {523839B9-E77C-40AB-901B-A520BC06DBD1}
		{F69653AB-7433-489D-9DED-FBDDE963035C} = {523839B9-E77C-40AB-901B-A520BC06DBD1}
		{88795664-7712-450C-A983-8927663F1D6C} = {6A844865-9815-4E34-90DE-39D1CE3F98D9}
		{57DF9754-35C3-48E6-B782-5718424A545B} = {6A844865-9815-4E34-90DE-39D1CE3F98D9}
		{D470C61B-C457-4015-9972-C15FB5DAE629} = {1FD7FCA2-AFBC-4B59-83AC-E739F2BA35AF}
		{B56847F1-1A62-4167-B092-5970BC2C19E0} = {EC120B70-9DE3-460C-AA78-BC814C3469F4}
		{B60FAB3A-6F53-41C0-939B-A94C7478D6B0} = {3489F977-D167-462A-AE70-8550C0E6B8D6}
		{FE553EA9-8EE9-4079-8E8D-CC8EC752FE73} = {3489F977-D167-462A-AE70-8550C0E6B8D6}
		{D6D5B2A9-A0C8-4048-A5CC-55B2B6DC0EB4} = {3489F977-D167-462A-AE70-8550C0E6B8D6}
		{5025754E-C2C5-449F-974F-7A7BD467E30A} = {3489F977-D167-462A-AE70-8550C0E6B8D6}
		{E72EEF05-63C6-447A-8E11-2D834EA84767} = {3489F977-D167-462A-AE70-8550C0E6B8D6}
		{E1C53FCE-AD8A-4B1E-8AEC-AA186EDB6D29} = {21445C49-F741-41DD-B553-F1DBA643A19B}
		{E78EB0BC-29F9-42FE-BEDC-1760934A5B02} = {21445C49-F741-41DD-B553-F1DBA643A19B}
		{FFFCB37F-07D4-4B08-907F-F947BA8DADC8} = {21445C49-F741-41DD-B553-F1DBA643A19B}
		{A0AADF2F-A8E1-453C-BCA1-9304EB86DA1F} = {21445C49-F741-41DD-B553-F1DBA643A19B}
		{5449C057-DA85-4F11-BD2D-1FBE55606FBC} = {21445C49-F741-41DD-B553-F1DBA643A19B}
		{3AC3D7E5-9ECD-43FF-9F0A-9984135D691C} = {21445C49-F741-41DD-B553-F1DBA643A19B}
		{B8B2CE5F-136D-47CE-9B64-1FED6A1522CA} = {21445C49-F741-41DD-B553-F1DBA643A19B}
		{AC94383D-B2E4-4650-82EC-7000F9E474F8} = {21445C49-F741-41DD-B553-F1DBA643A19B}
		{7DC94693-A203-480E-B948-DE95A7189C18} = {21445C49-F741-41DD-B553-F1DBA643A19B}
		{1D05B6D5-6A93-4ECF-AC93-5FD04F77AE18} = {21445C49-F741-41DD-B553-F1DBA643A19B}
		{679DA093-1306-492B-BE8D-BA11EE1DAFCE} = {21445C49-F741-41DD-B553-F1DBA643A19B}
		{FCD55E98-8DB6-4621-93A9-C466287E01CA} = {21445C49-F741-41DD-B553-F1DBA643A19B}
		{FA9D7147-E92F-4DED-A2E3-2201D63FBB57} = {21445C49-F741-41DD-B553-F1DBA643A19B}
		{7936C843-0AB6-4E86-9799-9289972BA9E8} = {7F7E9CDF-CD7C-4D4A-9C88-3A15645B1060}
		{55596D70-30EF-47EA-A156-968CFF3F0FEE} = {7F7E9CDF-CD7C-4D4A-9C88-3A15645B1060}
		{0AEBC3F7-643F-4CD5-870B-DA3EEE597D66} = {7F7E9CDF-CD7C-4D4A-9C88-3A15645B1060}
		{44BDE510-6A94-4176-8CE7-BB9AD174F59A} = {7F7E9CDF-CD7C-4D4A-9C88-3A15645B1060}
		{08B8E3A1-70CF-43EC-AFEA-AEE7B5648359} = {7F7E9CDF-CD7C-4D4A-9C88-3A15645B1060}
		{EEAFD109-3BA1-4FE8-BC7C-138761F5D347} = {7F7E9CDF-CD7C-4D4A-9C88-3A15645B1060}
		{522D7EEF-56A7-4FFB-96AF-E34DA2C44AA7} = {7F7E9CDF-CD7C-4D4A-9C88-3A15645B1060}
		{74DC52D5-D0F7-4387-B4FC-3E6C87B222C8} = {3E7597DD-C75F-422E-BB22-08D7FF297474}
		{1A121FE1-CF44-45D2-9340-9FFC0865CBE1} = {3E7597DD-C75F-422E-BB22-08D7FF297474}
		{B9762E36-07C6-41E8-ADDA-FF69FE471F34} = {9FFF3D1D-B3CE-41F0-B3D3-D8EB474F9DF0}
		{E1DE0087-D2F4-4C34-B221-48C1DE0B67CA} = {9FFF3D1D-B3CE-41F0-B3D3-D8EB474F9DF0}
		{32D34047-FCFA-4BFC-80BB-BB100E709781} = {90F0A0F2-0CA5-41D6-9BDF-695024E20DE7}
		{1F03CF50-ED7E-4062-99B4-9D8C7832A601} = {90F0A0F2-0CA5-41D6-9BDF-695024E20DE7}
		{8E0FB994-088C-458F-B63A-B23C391C9F01} = {90F0A0F2-0CA5-41D6-9BDF-695024E20DE7}
		{7B3031F0-0E47-4D72-9F0B-B0BBDFCAA648} = {FB3AB22D-1A7C-4B64-BE5D-87E04C0D962B}
		{3D6C4F71-2AAA-4C7F-AFC2-A2A367292755} = {FB3AB22D-1A7C-4B64-BE5D-87E04C0D962B}
		{D8F57FF7-6544-493E-87E9-B5692A47E902} = {FB3AB22D-1A7C-4B64-BE5D-87E04C0D962B}
		{A51815BF-94DE-44A5-9E6C-FE5B990F956E} = {D220FA65-3293-4D45-903C-B410F305F65B}
		{97BF8331-DD13-4889-8416-B0A75A8F5734} = {D220FA65-3293-4D45-903C-B410F305F65B}
		{8B32C06F-4472-4037-9E2F-4325AC9A343F} = {90F0A0F2-0CA5-41D6-9BDF-695024E20DE7}
		{D067FAB0-86CE-494D-B2C0-219F93F87ECD} = {D220FA65-3293-4D45-903C-B410F305F65B}
		{C6ED11C5-211C-4970-951B-1534AF5681B6} = {D220FA65-3293-4D45-903C-B410F305F65B}
		{5B80C337-6548-4057-B4F5-C514F98168ED} = {ADFD3ACB-7D49-4BED-991E-7B03167E396F}
		{D6377C19-A972-47D6-87AA-FA632BBB7E55} = {ADFD3ACB-7D49-4BED-991E-7B03167E396F}
		{F0ADABE0-FBBF-4477-9B00-F8933F36C660} = {3489F977-D167-462A-AE70-8550C0E6B8D6}
	EndGlobalSection
	GlobalSection(ExtensibilityGlobals) = postSolution
		SolutionGuid = {26536AC7-EB2A-43BB-9261-6C4B1BC68E97}
	EndGlobalSection
EndGlobal
